
Microsoft Visual Studio Solution File, Format Version 12.00
# Visual Studio Version 16
VisualStudioVersion = 16.0.30114.105
MinimumVisualStudioVersion = 10.0.40219.1
Project("{2150E333-8FDC-42A3-9474-1A3956D46DE8}") = "src", "src", "{BD34B62C-1D9B-4C7D-BEA7-A11F04A7F0FB}"
EndProject
Project("{F2A71F9B-5D33-465A-A702-920D77279786}") = "Persimmon.MuscleAssert", "src\Persimmon.MuscleAssert\Persimmon.MuscleAssert.fsproj", "{971C6186-9424-4342-886B-77FFF3CC098F}"
EndProject
Project("{2150E333-8FDC-42A3-9474-1A3956D46DE8}") = "tests", "tests", "{56398743-0C50-4BC8-A9F7-E867714BB8A7}"
EndProject
Project("{F2A71F9B-5D33-465A-A702-920D77279786}") = "Persimmon.MuscleAssert.Tests", "tests\Persimmon.MuscleAssert.Tests\Persimmon.MuscleAssert.Tests.fsproj", "{CE301A17-9CFF-4766-88F7-31DCEC3E0623}"
EndProject
Global
	GlobalSection(SolutionConfigurationPlatforms) = preSolution
		Debug|Any CPU = Debug|Any CPU
		Release|Any CPU = Release|Any CPU
	EndGlobalSection
	GlobalSection(SolutionProperties) = preSolution
		HideSolutionNode = FALSE
	EndGlobalSection
	GlobalSection(ProjectConfigurationPlatforms) = postSolution
		{971C6186-9424-4342-886B-77FFF3CC098F}.Debug|Any CPU.ActiveCfg = Debug|Any CPU
		{971C6186-9424-4342-886B-77FFF3CC098F}.Debug|Any CPU.Build.0 = Debug|Any CPU
		{971C6186-9424-4342-886B-77FFF3CC098F}.Release|Any CPU.ActiveCfg = Release|Any CPU
		{971C6186-9424-4342-886B-77FFF3CC098F}.Release|Any CPU.Build.0 = Release|Any CPU
		{CE301A17-9CFF-4766-88F7-31DCEC3E0623}.Debug|Any CPU.ActiveCfg = Debug|Any CPU
		{CE301A17-9CFF-4766-88F7-31DCEC3E0623}.Debug|Any CPU.Build.0 = Debug|Any CPU
		{CE301A17-9CFF-4766-88F7-31DCEC3E0623}.Release|Any CPU.ActiveCfg = Release|Any CPU
		{CE301A17-9CFF-4766-88F7-31DCEC3E0623}.Release|Any CPU.Build.0 = Release|Any CPU
	EndGlobalSection
	GlobalSection(NestedProjects) = preSolution
		{971C6186-9424-4342-886B-77FFF3CC098F} = {BD34B62C-1D9B-4C7D-BEA7-A11F04A7F0FB}
		{CE301A17-9CFF-4766-88F7-31DCEC3E0623} = {56398743-0C50-4BC8-A9F7-E867714BB8A7}
	EndGlobalSection
EndGlobal
